<?xml version="1.0" encoding="utf-8"?>
<Project xmlns="http://schemas.microsoft.com/developer/msbuild/2003">
  <ItemGroup>
    <Filter Include="Form Files">
      <UniqueIdentifier>{99349809-55BA-4b9d-BF79-8FDBB0286EB3}</UniqueIdentifier>
      <Extensions>ui</Extensions>
      <ParseFiles>false</ParseFiles>
    </Filter>
    <Filter Include="Form Files">
      <UniqueIdentifier>{99349809-55BA-4b9d-BF79-8FDBB0286EB3}</UniqueIdentifier>
      <Extensions>ui</Extensions>
      <ParseFiles>false</ParseFiles>
    </Filter>
    <Filter Include="Generated Files">
      <UniqueIdentifier>{71ED8ED8-ACB9-4CE9-BBE1-E00B30144E11}</UniqueIdentifier>
      <Extensions>cpp;c;cxx;moc;h;def;odl;idl;res;</Extensions>
    </Filter>
    <Filter Include="Generated Files">
      <UniqueIdentifier>{71ED8ED8-ACB9-4CE9-BBE1-E00B30144E11}</UniqueIdentifier>
      <Extensions>cpp;c;cxx;moc;h;def;odl;idl;res;</Extensions>
    </Filter>
    <Filter Include="Header Files">
      <UniqueIdentifier>{93995380-89BD-4b04-88EB-625FBE52EBFB}</UniqueIdentifier>
      <Extensions>h;hpp;hxx;hm;inl;inc;xsd</Extensions>
    </Filter>
    <Filter Include="Header Files">
      <UniqueIdentifier>{93995380-89BD-4b04-88EB-625FBE52EBFB}</UniqueIdentifier>
      <Extensions>h;hpp;hxx;hm;inl;inc;xsd</Extensions>
    </Filter>
    <Filter Include="Source Files">
      <UniqueIdentifier>{4FC737F1-C7A5-4376-A066-2A32D752A2FF}</UniqueIdentifier>
      <Extensions>cpp;c;cxx;def;odl;idl;hpj;bat;asm;asmx</Extensions>
    </Filter>
    <Filter Include="Source Files">
      <UniqueIdentifier>{4FC737F1-C7A5-4376-A066-2A32D752A2FF}</UniqueIdentifier>
      <Extensions>cpp;c;cxx;def;odl;idl;hpj;bat;asm;asmx</Extensions>
    </Filter>
  </ItemGroup>
  <ItemGroup>
    <ClCompile Include="AIItem.cpp">
      <Filter>Source Files</Filter>
    </ClCompile>
    <ClCompile Include="AtkPoint.cpp">
      <Filter>Source Files</Filter>
    </ClCompile>
    <ClCompile Include="BackgroundItem.cpp">
      <Filter>Source Files</Filter>
    </ClCompile>
    <ClCompile Include="CharacterWindow.cpp">
      <Filter>Source Files</Filter>
    </ClCompile>
    <ClCompile Include="EmojiDecisionTree.cpp">
      <Filter>Source Files</Filter>
    </ClCompile>
    <ClCompile Include="EmojiNodes.cpp">
      <Filter>Source Files</Filter>
    </ClCompile>
    <ClCompile Include="EmojiPlayerItem.cpp">
      <Filter>Source Files</Filter>
    </ClCompile>
    <ClCompile Include="EmojiScene.cpp">
      <Filter>Source Files</Filter>
    </ClCompile>
    <ClCompile Include="EmojiView.cpp">
      <Filter>Source Files</Filter>
    </ClCompile>
    <ClCompile Include="GroundItem.cpp">
      <Filter>Source Files</Filter>
    </ClCompile>
    <ClCompile Include="MainWindow.cpp">
      <Filter>Source Files</Filter>
    </ClCompile>
    <ClCompile Include="Node.cpp">
      <Filter>Source Files</Filter>
    </ClCompile>
    <ClCompile Include="PauseWindow.cpp">
      <Filter>Source Files</Filter>
    </ClCompile>
    <ClCompile Include="PayWindow.cpp">
      <Filter>Source Files</Filter>
    </ClCompile>
    <ClCompile Include="PlatformItem.cpp">
      <Filter>Source Files</Filter>
    </ClCompile>
    <ClCompile Include="main.cpp">
      <Filter>Source Files</Filter>
    </ClCompile>
    <ClCompile Include="EmojiMap.cpp">
      <Filter>Source Files</Filter>
    </ClCompile>
  </ItemGroup>
  <ItemGroup>
    <QtMoc Include="AIItem.h">
      <Filter>Header Files</Filter>
    </QtMoc>
    <QtMoc Include="AtkPoint.h">
      <Filter>Header Files</Filter>
    </QtMoc>
    <ClInclude Include="BackgroundItem.h">
      <Filter>Header Files</Filter>
    </ClInclude>
    <QtMoc Include="CharacterWindow.h">
      <Filter>Header Files</Filter>
    </QtMoc>
    <ClInclude Include="EmojiDecisionTree.h">
      <Filter>Header Files</Filter>
    </ClInclude>
    <ClInclude Include="EmojiNodes.h">
      <Filter>Header Files</Filter>
    </ClInclude>
    <QtMoc Include="EmojiPlayerItem.h">
      <Filter>Header Files</Filter>
    </QtMoc>
    <QtMoc Include="EmojiScene.h">
      <Filter>Header Files</Filter>
    </QtMoc>
    <QtMoc Include="EmojiView.h">
      <Filter>Header Files</Filter>
    </QtMoc>
    <ClInclude Include="GroundItem.h">
      <Filter>Header Files</Filter>
    </ClInclude>
    <QtMoc Include="MainWindow.h">
      <Filter>Header Files</Filter>
    </QtMoc>
    <ClInclude Include="Node.h">
      <Filter>Header Files</Filter>
    </ClInclude>
    <QtMoc Include="PauseWindow.h">
      <Filter>Header Files</Filter>
    </QtMoc>
    <QtMoc Include="PayWindow.h">
      <Filter>Header Files</Filter>
    </QtMoc>
    <ClInclude Include="PlatformItem.h">
      <Filter>Header Files</Filter>
    </ClInclude>
  </ItemGroup>
  <ItemGroup>
    <CustomBuild Include="debug\moc_predefs.h.cbt">
      <Filter>Generated Files</Filter>
    </CustomBuild>
    <CustomBuild Include="release\moc_predefs.h.cbt">
      <Filter>Generated Files</Filter>
    </CustomBuild>
  </ItemGroup>
  <ItemGroup>
    <CustomBuild Include="MainWindow.ui">
      <Filter>Form Files</Filter>
    </CustomBuild>
  </ItemGroup>
  <ItemGroup>
    <QtRcc Include="Backgr.qrc" />
  </ItemGroup>
  <ItemGroup>
    <ClInclude Include="EmojiMap.h">
      <Filter>Header Files</Filter>
    </ClInclude>
  </ItemGroup>
</Project>